// !$*UTF8*$!
{
	archiveVersion = 1;
	classes = {
	};
	objectVersion = 50;
	objects = {

/* Begin PBXBuildFile section */
		2A2753492237B4B50014D263 /* NSPersistentContainer+SQLite.swift in Sources */ = {isa = PBXBuildFile; fileRef = 2A2753482237B4B50014D263 /* NSPersistentContainer+SQLite.swift */; };
		2A2753502237F2640014D263 /* RootViewController.swift in Sources */ = {isa = PBXBuildFile; fileRef = 2A27534E2237F2640014D263 /* RootViewController.swift */; };
		2A2753512237F2640014D263 /* RootViewController.xib in Resources */ = {isa = PBXBuildFile; fileRef = 2A27534F2237F2640014D263 /* RootViewController.xib */; };
		2AB91B152244C508004ADBB3 /* LaunchScreen.storyboard in Resources */ = {isa = PBXBuildFile; fileRef = 2AB91B142244C508004ADBB3 /* LaunchScreen.storyboard */; };
		CD11F28D211F062F0018AFC8 /* AppDelegate.swift in Sources */ = {isa = PBXBuildFile; fileRef = CD11F28C211F062F0018AFC8 /* AppDelegate.swift */; };
		CD11F295211F062F0018AFC8 /* SRCoreDataLayer.xcdatamodeld in Sources */ = {isa = PBXBuildFile; fileRef = CD11F293211F062F0018AFC8 /* SRCoreDataLayer.xcdatamodeld */; };
		CD11F297211F063A0018AFC8 /* Assets.xcassets in Resources */ = {isa = PBXBuildFile; fileRef = CD11F296211F063A0018AFC8 /* Assets.xcassets */; };
		CD11F2A5211F063B0018AFC8 /* SRCoreDataLayerTests.swift in Sources */ = {isa = PBXBuildFile; fileRef = CD11F2A4211F063B0018AFC8 /* SRCoreDataLayerTests.swift */; };
		CD1AB8B7212443D8002B62C2 /* SRCoreDataMigrationModel.swift in Sources */ = {isa = PBXBuildFile; fileRef = CD1AB8B4212443D8002B62C2 /* SRCoreDataMigrationModel.swift */; };
		CD1AB8B8212443D8002B62C2 /* SRCoreDataMigrationManager.swift in Sources */ = {isa = PBXBuildFile; fileRef = CD1AB8B5212443D8002B62C2 /* SRCoreDataMigrationManager.swift */; };
		CD1AB8B9212443D8002B62C2 /* SRCoreDataMigrationStep.swift in Sources */ = {isa = PBXBuildFile; fileRef = CD1AB8B6212443D8002B62C2 /* SRCoreDataMigrationStep.swift */; };
		CD1AB8BB21244F38002B62C2 /* SRCoreDataMigrationPolicy.swift in Sources */ = {isa = PBXBuildFile; fileRef = CD1AB8BA21244F38002B62C2 /* SRCoreDataMigrationPolicy.swift */; };
		CD1AB8BF212473E2002B62C2 /* NSPersistentStoreCoordinator+SQLite.swift in Sources */ = {isa = PBXBuildFile; fileRef = CD1AB8BE212473E2002B62C2 /* NSPersistentStoreCoordinator+SQLite.swift */; };
		CD1AB8C1212477AB002B62C2 /* SRCoreDataLayerMappingModelV1ToV2.xcmappingmodel in Sources */ = {isa = PBXBuildFile; fileRef = CD1AB8C0212477AB002B62C2 /* SRCoreDataLayerMappingModelV1ToV2.xcmappingmodel */; };
		CD1AB8C421247E92002B62C2 /* SRCoreDataStore.swift in Sources */ = {isa = PBXBuildFile; fileRef = CD1AB8C321247E92002B62C2 /* SRCoreDataStore.swift */; };
		CD1B17AA2129899E0072DF1A /* UserDB+CoreDataClass.swift in Sources */ = {isa = PBXBuildFile; fileRef = CD1B17A82129899E0072DF1A /* UserDB+CoreDataClass.swift */; };
		CD1B17AB2129899E0072DF1A /* UserDB+CoreDataProperties.swift in Sources */ = {isa = PBXBuildFile; fileRef = CD1B17A92129899E0072DF1A /* UserDB+CoreDataProperties.swift */; };
		CD1F197A223ADB6600D16E1D /* NSManageObjectModel+Utility.swift in Sources */ = {isa = PBXBuildFile; fileRef = CD1F1979223ADB6600D16E1D /* NSManageObjectModel+Utility.swift */; };
		CD4CAE63211F3F400076BC6D /* SRCoreDataStackManager.swift in Sources */ = {isa = PBXBuildFile; fileRef = CD4CAE62211F3F400076BC6D /* SRCoreDataStackManager.swift */; };
		CD4CAE76211F61120076BC6D /* NSManagedObject+Fetch.swift in Sources */ = {isa = PBXBuildFile; fileRef = CD4CAE73211F61110076BC6D /* NSManagedObject+Fetch.swift */; };
		CD4CAE77211F61120076BC6D /* NSManagedObjectContext+Save.swift in Sources */ = {isa = PBXBuildFile; fileRef = CD4CAE74211F61110076BC6D /* NSManagedObjectContext+Save.swift */; };
		CD4CAE78211F61120076BC6D /* NSManagedObjectContext+AsyncSave.swift in Sources */ = {isa = PBXBuildFile; fileRef = CD4CAE75211F61110076BC6D /* NSManagedObjectContext+AsyncSave.swift */; };
		CDCC3949212DE37300091A75 /* NSPersistentStoreCoordinator+AsyncHelpers.swift in Sources */ = {isa = PBXBuildFile; fileRef = CDCC3947212DE37300091A75 /* NSPersistentStoreCoordinator+AsyncHelpers.swift */; };
		CDCC394C212DE53F00091A75 /* Bundle+CoreDataModelHelper.swift in Sources */ = {isa = PBXBuildFile; fileRef = CDCC394B212DE53F00091A75 /* Bundle+CoreDataModelHelper.swift */; };
		CDD854322131D0DC007FAAFE /* SRMigrationManager.swift in Sources */ = {isa = PBXBuildFile; fileRef = CDD854312131D0DC007FAAFE /* SRMigrationManager.swift */; };
/* End PBXBuildFile section */

/* Begin PBXContainerItemProxy section */
		CD11F2A1211F063B0018AFC8 /* PBXContainerItemProxy */ = {
			isa = PBXContainerItemProxy;
			containerPortal = CD11F281211F062E0018AFC8 /* Project object */;
			proxyType = 1;
			remoteGlobalIDString = CD11F288211F062F0018AFC8;
			remoteInfo = SRCoreDataLayer;
		};
/* End PBXContainerItemProxy section */

/* Begin PBXFileReference section */
		2A2753482237B4B50014D263 /* NSPersistentContainer+SQLite.swift */ = {isa = PBXFileReference; lastKnownFileType = sourcecode.swift; path = "NSPersistentContainer+SQLite.swift"; sourceTree = "<group>"; };
		2A27534E2237F2640014D263 /* RootViewController.swift */ = {isa = PBXFileReference; lastKnownFileType = sourcecode.swift; path = RootViewController.swift; sourceTree = "<group>"; };
		2A27534F2237F2640014D263 /* RootViewController.xib */ = {isa = PBXFileReference; lastKnownFileType = file.xib; path = RootViewController.xib; sourceTree = "<group>"; };
		2AB91B142244C508004ADBB3 /* LaunchScreen.storyboard */ = {isa = PBXFileReference; fileEncoding = 4; lastKnownFileType = file.storyboard; path = LaunchScreen.storyboard; sourceTree = "<group>"; };
		CD11F289211F062F0018AFC8 /* SRCoreDataLayer.app */ = {isa = PBXFileReference; explicitFileType = wrapper.application; includeInIndex = 0; path = SRCoreDataLayer.app; sourceTree = BUILT_PRODUCTS_DIR; };
		CD11F28C211F062F0018AFC8 /* AppDelegate.swift */ = {isa = PBXFileReference; lastKnownFileType = sourcecode.swift; path = AppDelegate.swift; sourceTree = "<group>"; };
		CD11F294211F062F0018AFC8 /* SRCoreDataLayer.xcdatamodel */ = {isa = PBXFileReference; lastKnownFileType = wrapper.xcdatamodel; path = SRCoreDataLayer.xcdatamodel; sourceTree = "<group>"; };
		CD11F296211F063A0018AFC8 /* Assets.xcassets */ = {isa = PBXFileReference; lastKnownFileType = folder.assetcatalog; path = Assets.xcassets; sourceTree = "<group>"; };
		CD11F29B211F063A0018AFC8 /* Info.plist */ = {isa = PBXFileReference; lastKnownFileType = text.plist.xml; path = Info.plist; sourceTree = "<group>"; };
		CD11F2A0211F063B0018AFC8 /* SRCoreDataLayerTests.xctest */ = {isa = PBXFileReference; explicitFileType = wrapper.cfbundle; includeInIndex = 0; path = SRCoreDataLayerTests.xctest; sourceTree = BUILT_PRODUCTS_DIR; };
		CD11F2A4211F063B0018AFC8 /* SRCoreDataLayerTests.swift */ = {isa = PBXFileReference; lastKnownFileType = sourcecode.swift; path = SRCoreDataLayerTests.swift; sourceTree = "<group>"; };
		CD11F2A6211F063B0018AFC8 /* Info.plist */ = {isa = PBXFileReference; lastKnownFileType = text.plist.xml; path = Info.plist; sourceTree = "<group>"; };
		CD1AB8B4212443D8002B62C2 /* SRCoreDataMigrationModel.swift */ = {isa = PBXFileReference; fileEncoding = 4; lastKnownFileType = sourcecode.swift; path = SRCoreDataMigrationModel.swift; sourceTree = "<group>"; };
		CD1AB8B5212443D8002B62C2 /* SRCoreDataMigrationManager.swift */ = {isa = PBXFileReference; fileEncoding = 4; lastKnownFileType = sourcecode.swift; path = SRCoreDataMigrationManager.swift; sourceTree = "<group>"; };
		CD1AB8B6212443D8002B62C2 /* SRCoreDataMigrationStep.swift */ = {isa = PBXFileReference; fileEncoding = 4; lastKnownFileType = sourcecode.swift; path = SRCoreDataMigrationStep.swift; sourceTree = "<group>"; };
		CD1AB8BA21244F38002B62C2 /* SRCoreDataMigrationPolicy.swift */ = {isa = PBXFileReference; lastKnownFileType = sourcecode.swift; path = SRCoreDataMigrationPolicy.swift; sourceTree = "<group>"; };
		CD1AB8BC21247329002B62C2 /* SRCoreDataLayer_V2.xcdatamodel */ = {isa = PBXFileReference; lastKnownFileType = wrapper.xcdatamodel; path = SRCoreDataLayer_V2.xcdatamodel; sourceTree = "<group>"; };
		CD1AB8BE212473E2002B62C2 /* NSPersistentStoreCoordinator+SQLite.swift */ = {isa = PBXFileReference; fileEncoding = 4; lastKnownFileType = sourcecode.swift; path = "NSPersistentStoreCoordinator+SQLite.swift"; sourceTree = "<group>"; };
		CD1AB8C0212477AB002B62C2 /* SRCoreDataLayerMappingModelV1ToV2.xcmappingmodel */ = {isa = PBXFileReference; lastKnownFileType = wrapper.xcmappingmodel; path = SRCoreDataLayerMappingModelV1ToV2.xcmappingmodel; sourceTree = "<group>"; };
		CD1AB8C321247E92002B62C2 /* SRCoreDataStore.swift */ = {isa = PBXFileReference; lastKnownFileType = sourcecode.swift; path = SRCoreDataStore.swift; sourceTree = "<group>"; };
		CD1B17A82129899E0072DF1A /* UserDB+CoreDataClass.swift */ = {isa = PBXFileReference; lastKnownFileType = sourcecode.swift; path = "UserDB+CoreDataClass.swift"; sourceTree = "<group>"; };
		CD1B17A92129899E0072DF1A /* UserDB+CoreDataProperties.swift */ = {isa = PBXFileReference; lastKnownFileType = sourcecode.swift; path = "UserDB+CoreDataProperties.swift"; sourceTree = "<group>"; };
		CD1F1979223ADB6600D16E1D /* NSManageObjectModel+Utility.swift */ = {isa = PBXFileReference; fileEncoding = 4; lastKnownFileType = sourcecode.swift; path = "NSManageObjectModel+Utility.swift"; sourceTree = "<group>"; };
		CD4CAE62211F3F400076BC6D /* SRCoreDataStackManager.swift */ = {isa = PBXFileReference; lastKnownFileType = sourcecode.swift; path = SRCoreDataStackManager.swift; sourceTree = "<group>"; };
		CD4CAE73211F61110076BC6D /* NSManagedObject+Fetch.swift */ = {isa = PBXFileReference; fileEncoding = 4; lastKnownFileType = sourcecode.swift; path = "NSManagedObject+Fetch.swift"; sourceTree = "<group>"; };
		CD4CAE74211F61110076BC6D /* NSManagedObjectContext+Save.swift */ = {isa = PBXFileReference; fileEncoding = 4; lastKnownFileType = sourcecode.swift; path = "NSManagedObjectContext+Save.swift"; sourceTree = "<group>"; };
		CD4CAE75211F61110076BC6D /* NSManagedObjectContext+AsyncSave.swift */ = {isa = PBXFileReference; fileEncoding = 4; lastKnownFileType = sourcecode.swift; path = "NSManagedObjectContext+AsyncSave.swift"; sourceTree = "<group>"; };
		CDCC3947212DE37300091A75 /* NSPersistentStoreCoordinator+AsyncHelpers.swift */ = {isa = PBXFileReference; fileEncoding = 4; lastKnownFileType = sourcecode.swift; path = "NSPersistentStoreCoordinator+AsyncHelpers.swift"; sourceTree = "<group>"; };
		CDCC394B212DE53F00091A75 /* Bundle+CoreDataModelHelper.swift */ = {isa = PBXFileReference; fileEncoding = 4; lastKnownFileType = sourcecode.swift; path = "Bundle+CoreDataModelHelper.swift"; sourceTree = "<group>"; };
		CDD854312131D0DC007FAAFE /* SRMigrationManager.swift */ = {isa = PBXFileReference; fileEncoding = 4; lastKnownFileType = sourcecode.swift; path = SRMigrationManager.swift; sourceTree = "<group>"; };
/* End PBXFileReference section */

/* Begin PBXFrameworksBuildPhase section */
		CD11F286211F062F0018AFC8 /* Frameworks */ = {
			isa = PBXFrameworksBuildPhase;
			buildActionMask = 2147483647;
			files = (
			);
			runOnlyForDeploymentPostprocessing = 0;
		};
		CD11F29D211F063B0018AFC8 /* Frameworks */ = {
			isa = PBXFrameworksBuildPhase;
			buildActionMask = 2147483647;
			files = (
			);
			runOnlyForDeploymentPostprocessing = 0;
		};
/* End PBXFrameworksBuildPhase section */

/* Begin PBXGroup section */
		CD11F280211F062E0018AFC8 = {
			isa = PBXGroup;
			children = (
				CD11F28B211F062F0018AFC8 /* SRCoreDataLayer */,
				CD11F2A3211F063B0018AFC8 /* SRCoreDataLayerTests */,
				CD11F28A211F062F0018AFC8 /* Products */,
			);
			sourceTree = "<group>";
		};
		CD11F28A211F062F0018AFC8 /* Products */ = {
			isa = PBXGroup;
			children = (
				CD11F289211F062F0018AFC8 /* SRCoreDataLayer.app */,
				CD11F2A0211F063B0018AFC8 /* SRCoreDataLayerTests.xctest */,
			);
			name = Products;
			sourceTree = "<group>";
		};
		CD11F28B211F062F0018AFC8 /* SRCoreDataLayer */ = {
			isa = PBXGroup;
			children = (
				CD4CAE5D211F3DEA0076BC6D /* SRCoreDataModule */,
				CD4CAE5C211F3D8B0076BC6D /* Application */,
				CD4CAE5E211F3E050076BC6D /* CoreDataModel */,
			);
			path = SRCoreDataLayer;
			sourceTree = "<group>";
		};
		CD11F2A3211F063B0018AFC8 /* SRCoreDataLayerTests */ = {
			isa = PBXGroup;
			children = (
				CD11F2A4211F063B0018AFC8 /* SRCoreDataLayerTests.swift */,
				CD11F2A6211F063B0018AFC8 /* Info.plist */,
			);
			path = SRCoreDataLayerTests;
			sourceTree = "<group>";
		};
		CD1AB8B3212443AC002B62C2 /* SRCoreDataMigration */ = {
			isa = PBXGroup;
			children = (
				CD1AB8B4212443D8002B62C2 /* SRCoreDataMigrationModel.swift */,
				CD1AB8B6212443D8002B62C2 /* SRCoreDataMigrationStep.swift */,
				CD1AB8B5212443D8002B62C2 /* SRCoreDataMigrationManager.swift */,
				CD1AB8BA21244F38002B62C2 /* SRCoreDataMigrationPolicy.swift */,
				CDD854312131D0DC007FAAFE /* SRMigrationManager.swift */,
			);
			path = SRCoreDataMigration;
			sourceTree = "<group>";
		};
		CD1AB8BD212473E2002B62C2 /* NSPersistentStoreCoordinator+Extension */ = {
			isa = PBXGroup;
			children = (
				CD1AB8BE212473E2002B62C2 /* NSPersistentStoreCoordinator+SQLite.swift */,
				2A2753482237B4B50014D263 /* NSPersistentContainer+SQLite.swift */,
			);
			name = "NSPersistentStoreCoordinator+Extension";
			path = "SRCoreDataLayer/SRCoreDataModule/SRCoreDataExtension/NSPersistentStoreCoordinator+Extension";
			sourceTree = SOURCE_ROOT;
		};
		CD1AB8C221247E69002B62C2 /* SRCoreDataStore */ = {
			isa = PBXGroup;
			children = (
				CD1AB8C321247E92002B62C2 /* SRCoreDataStore.swift */,
			);
			path = SRCoreDataStore;
			sourceTree = "<group>";
		};
		CD4CAE5C211F3D8B0076BC6D /* Application */ = {
			isa = PBXGroup;
			children = (
				2AB91B142244C508004ADBB3 /* LaunchScreen.storyboard */,
				CD11F28C211F062F0018AFC8 /* AppDelegate.swift */,
				2A27534E2237F2640014D263 /* RootViewController.swift */,
				2A27534F2237F2640014D263 /* RootViewController.xib */,
				CD11F296211F063A0018AFC8 /* Assets.xcassets */,
				CD11F29B211F063A0018AFC8 /* Info.plist */,
			);
			path = Application;
			sourceTree = "<group>";
		};
		CD4CAE5D211F3DEA0076BC6D /* SRCoreDataModule */ = {
			isa = PBXGroup;
			children = (
				CD1AB8C221247E69002B62C2 /* SRCoreDataStore */,
				CD1AB8B3212443AC002B62C2 /* SRCoreDataMigration */,
				CD4CAE61211F3F1F0076BC6D /* SRCoreDataExtension */,
				CD4CAE71211F60E00076BC6D /* SRCoreDataStackManager */,
			);
			path = SRCoreDataModule;
			sourceTree = "<group>";
		};
		CD4CAE5E211F3E050076BC6D /* CoreDataModel */ = {
			isa = PBXGroup;
			children = (
				CD4CAE64211F44220076BC6D /* NSManageObjectClass */,
				CD11F293211F062F0018AFC8 /* SRCoreDataLayer.xcdatamodeld */,
				CD1AB8C0212477AB002B62C2 /* SRCoreDataLayerMappingModelV1ToV2.xcmappingmodel */,
			);
			path = CoreDataModel;
			sourceTree = "<group>";
		};
		CD4CAE61211F3F1F0076BC6D /* SRCoreDataExtension */ = {
			isa = PBXGroup;
			children = (
				CD1AB8BD212473E2002B62C2 /* NSPersistentStoreCoordinator+Extension */,
				CD4CAE72211F60F20076BC6D /* NSManageObject+Extension */,
			);
			path = SRCoreDataExtension;
			sourceTree = "<group>";
		};
		CD4CAE64211F44220076BC6D /* NSManageObjectClass */ = {
			isa = PBXGroup;
			children = (
				CD1B17A82129899E0072DF1A /* UserDB+CoreDataClass.swift */,
				CD1B17A92129899E0072DF1A /* UserDB+CoreDataProperties.swift */,
			);
			path = NSManageObjectClass;
			sourceTree = "<group>";
		};
		CD4CAE71211F60E00076BC6D /* SRCoreDataStackManager */ = {
			isa = PBXGroup;
			children = (
				CD4CAE62211F3F400076BC6D /* SRCoreDataStackManager.swift */,
			);
			path = SRCoreDataStackManager;
			sourceTree = "<group>";
		};
		CD4CAE72211F60F20076BC6D /* NSManageObject+Extension */ = {
			isa = PBXGroup;
			children = (
				CD1F1979223ADB6600D16E1D /* NSManageObjectModel+Utility.swift */,
				CDCC394B212DE53F00091A75 /* Bundle+CoreDataModelHelper.swift */,
				CDCC3947212DE37300091A75 /* NSPersistentStoreCoordinator+AsyncHelpers.swift */,
				CD4CAE73211F61110076BC6D /* NSManagedObject+Fetch.swift */,
				CD4CAE75211F61110076BC6D /* NSManagedObjectContext+AsyncSave.swift */,
				CD4CAE74211F61110076BC6D /* NSManagedObjectContext+Save.swift */,
			);
			path = "NSManageObject+Extension";
			sourceTree = "<group>";
		};
/* End PBXGroup section */

/* Begin PBXNativeTarget section */
		CD11F288211F062F0018AFC8 /* SRCoreDataLayer */ = {
			isa = PBXNativeTarget;
			buildConfigurationList = CD11F2A9211F063B0018AFC8 /* Build configuration list for PBXNativeTarget "SRCoreDataLayer" */;
			buildPhases = (
				CD11F285211F062F0018AFC8 /* Sources */,
				CD11F286211F062F0018AFC8 /* Frameworks */,
				CD11F287211F062F0018AFC8 /* Resources */,
			);
			buildRules = (
			);
			dependencies = (
			);
			name = SRCoreDataLayer;
			productName = SRCoreDataLayer;
			productReference = CD11F289211F062F0018AFC8 /* SRCoreDataLayer.app */;
			productType = "com.apple.product-type.application";
		};
		CD11F29F211F063B0018AFC8 /* SRCoreDataLayerTests */ = {
			isa = PBXNativeTarget;
			buildConfigurationList = CD11F2AC211F063B0018AFC8 /* Build configuration list for PBXNativeTarget "SRCoreDataLayerTests" */;
			buildPhases = (
				CD11F29C211F063B0018AFC8 /* Sources */,
				CD11F29D211F063B0018AFC8 /* Frameworks */,
				CD11F29E211F063B0018AFC8 /* Resources */,
			);
			buildRules = (
			);
			dependencies = (
				CD11F2A2211F063B0018AFC8 /* PBXTargetDependency */,
			);
			name = SRCoreDataLayerTests;
			productName = SRCoreDataLayerTests;
			productReference = CD11F2A0211F063B0018AFC8 /* SRCoreDataLayerTests.xctest */;
			productType = "com.apple.product-type.bundle.unit-test";
		};
/* End PBXNativeTarget section */

/* Begin PBXProject section */
		CD11F281211F062E0018AFC8 /* Project object */ = {
			isa = PBXProject;
			attributes = {
				LastSwiftUpdateCheck = 0940;
				LastUpgradeCheck = 0940;
				ORGANIZATIONNAME = "Subhr Roy";
				TargetAttributes = {
					CD11F288211F062F0018AFC8 = {
						CreatedOnToolsVersion = 9.4.1;
						LastSwiftMigration = 1010;
					};
					CD11F29F211F063B0018AFC8 = {
						CreatedOnToolsVersion = 9.4.1;
						LastSwiftMigration = 1010;
						TestTargetID = CD11F288211F062F0018AFC8;
					};
				};
			};
			buildConfigurationList = CD11F284211F062E0018AFC8 /* Build configuration list for PBXProject "SRCoreDataLayer" */;
			compatibilityVersion = "Xcode 9.3";
			developmentRegion = en;
			hasScannedForEncodings = 0;
			knownRegions = (
				en,
				Base,
			);
			mainGroup = CD11F280211F062E0018AFC8;
			productRefGroup = CD11F28A211F062F0018AFC8 /* Products */;
			projectDirPath = "";
			projectRoot = "";
			targets = (
				CD11F288211F062F0018AFC8 /* SRCoreDataLayer */,
				CD11F29F211F063B0018AFC8 /* SRCoreDataLayerTests */,
			);
		};
/* End PBXProject section */

/* Begin PBXResourcesBuildPhase section */
		CD11F287211F062F0018AFC8 /* Resources */ = {
			isa = PBXResourcesBuildPhase;
			buildActionMask = 2147483647;
			files = (
				2A2753512237F2640014D263 /* RootViewController.xib in Resources */,
				2AB91B152244C508004ADBB3 /* LaunchScreen.storyboard in Resources */,
				CD11F297211F063A0018AFC8 /* Assets.xcassets in Resources */,
			);
			runOnlyForDeploymentPostprocessing = 0;
		};
		CD11F29E211F063B0018AFC8 /* Resources */ = {
			isa = PBXResourcesBuildPhase;
			buildActionMask = 2147483647;
			files = (
			);
			runOnlyForDeploymentPostprocessing = 0;
		};
/* End PBXResourcesBuildPhase section */

/* Begin PBXSourcesBuildPhase section */
		CD11F285211F062F0018AFC8 /* Sources */ = {
			isa = PBXSourcesBuildPhase;
			buildActionMask = 2147483647;
			files = (
				CD1AB8BF212473E2002B62C2 /* NSPersistentStoreCoordinator+SQLite.swift in Sources */,
				CDCC3949212DE37300091A75 /* NSPersistentStoreCoordinator+AsyncHelpers.swift in Sources */,
				CD4CAE78211F61120076BC6D /* NSManagedObjectContext+AsyncSave.swift in Sources */,
				CD1AB8C1212477AB002B62C2 /* SRCoreDataLayerMappingModelV1ToV2.xcmappingmodel in Sources */,
				CD1AB8B8212443D8002B62C2 /* SRCoreDataMigrationManager.swift in Sources */,
				CDD854322131D0DC007FAAFE /* SRMigrationManager.swift in Sources */,
				CD1AB8C421247E92002B62C2 /* SRCoreDataStore.swift in Sources */,
				CD11F295211F062F0018AFC8 /* SRCoreDataLayer.xcdatamodeld in Sources */,
				CD1AB8B7212443D8002B62C2 /* SRCoreDataMigrationModel.swift in Sources */,
				CD4CAE76211F61120076BC6D /* NSManagedObject+Fetch.swift in Sources */,
				2A2753492237B4B50014D263 /* NSPersistentContainer+SQLite.swift in Sources */,
				CD1AB8B9212443D8002B62C2 /* SRCoreDataMigrationStep.swift in Sources */,
				CD1B17AB2129899E0072DF1A /* UserDB+CoreDataProperties.swift in Sources */,
				2A2753502237F2640014D263 /* RootViewController.swift in Sources */,
				CDCC394C212DE53F00091A75 /* Bundle+CoreDataModelHelper.swift in Sources */,
				CD1B17AA2129899E0072DF1A /* UserDB+CoreDataClass.swift in Sources */,
				CD1F197A223ADB6600D16E1D /* NSManageObjectModel+Utility.swift in Sources */,
				CD4CAE77211F61120076BC6D /* NSManagedObjectContext+Save.swift in Sources */,
				CD4CAE63211F3F400076BC6D /* SRCoreDataStackManager.swift in Sources */,
				CD1AB8BB21244F38002B62C2 /* SRCoreDataMigrationPolicy.swift in Sources */,
				CD11F28D211F062F0018AFC8 /* AppDelegate.swift in Sources */,
			);
			runOnlyForDeploymentPostprocessing = 0;
		};
		CD11F29C211F063B0018AFC8 /* Sources */ = {
			isa = PBXSourcesBuildPhase;
			buildActionMask = 2147483647;
			files = (
				CD11F2A5211F063B0018AFC8 /* SRCoreDataLayerTests.swift in Sources */,
			);
			runOnlyForDeploymentPostprocessing = 0;
		};
/* End PBXSourcesBuildPhase section */

/* Begin PBXTargetDependency section */
		CD11F2A2211F063B0018AFC8 /* PBXTargetDependency */ = {
			isa = PBXTargetDependency;
			target = CD11F288211F062F0018AFC8 /* SRCoreDataLayer */;
			targetProxy = CD11F2A1211F063B0018AFC8 /* PBXContainerItemProxy */;
		};
/* End PBXTargetDependency section */

/* Begin XCBuildConfiguration section */
		CD11F2A7211F063B0018AFC8 /* Debug */ = {
			isa = XCBuildConfiguration;
			buildSettings = {
				ALWAYS_SEARCH_USER_PATHS = NO;
				CLANG_ANALYZER_NONNULL = YES;
				CLANG_ANALYZER_NUMBER_OBJECT_CONVERSION = YES_AGGRESSIVE;
				CLANG_CXX_LANGUAGE_STANDARD = "gnu++14";
				CLANG_CXX_LIBRARY = "libc++";
				CLANG_ENABLE_MODULES = YES;
				CLANG_ENABLE_OBJC_ARC = YES;
				CLANG_ENABLE_OBJC_WEAK = YES;
				CLANG_WARN_BLOCK_CAPTURE_AUTORELEASING = YES;
				CLANG_WARN_BOOL_CONVERSION = YES;
				CLANG_WARN_COMMA = YES;
				CLANG_WARN_CONSTANT_CONVERSION = YES;
				CLANG_WARN_DEPRECATED_OBJC_IMPLEMENTATIONS = YES;
				CLANG_WARN_DIRECT_OBJC_ISA_USAGE = YES_ERROR;
				CLANG_WARN_DOCUMENTATION_COMMENTS = YES;
				CLANG_WARN_EMPTY_BODY = YES;
				CLANG_WARN_ENUM_CONVERSION = YES;
				CLANG_WARN_INFINITE_RECURSION = YES;
				CLANG_WARN_INT_CONVERSION = YES;
				CLANG_WARN_NON_LITERAL_NULL_CONVERSION = YES;
				CLANG_WARN_OBJC_IMPLICIT_RETAIN_SELF = YES;
				CLANG_WARN_OBJC_LITERAL_CONVERSION = YES;
				CLANG_WARN_OBJC_ROOT_CLASS = YES_ERROR;
				CLANG_WARN_RANGE_LOOP_ANALYSIS = YES;
				CLANG_WARN_STRICT_PROTOTYPES = YES;
				CLANG_WARN_SUSPICIOUS_MOVE = YES;
				CLANG_WARN_UNGUARDED_AVAILABILITY = YES_AGGRESSIVE;
				CLANG_WARN_UNREACHABLE_CODE = YES;
				CLANG_WARN__DUPLICATE_METHOD_MATCH = YES;
				CODE_SIGN_IDENTITY = "iPhone Developer";
				COPY_PHASE_STRIP = NO;
				DEBUG_INFORMATION_FORMAT = dwarf;
				ENABLE_STRICT_OBJC_MSGSEND = YES;
				ENABLE_TESTABILITY = YES;
				GCC_C_LANGUAGE_STANDARD = gnu11;
				GCC_DYNAMIC_NO_PIC = NO;
				GCC_NO_COMMON_BLOCKS = YES;
				GCC_OPTIMIZATION_LEVEL = 0;
				GCC_PREPROCESSOR_DEFINITIONS = (
					"DEBUG=1",
					"$(inherited)",
				);
				GCC_WARN_64_TO_32_BIT_CONVERSION = YES;
				GCC_WARN_ABOUT_RETURN_TYPE = YES_ERROR;
				GCC_WARN_UNDECLARED_SELECTOR = YES;
				GCC_WARN_UNINITIALIZED_AUTOS = YES_AGGRESSIVE;
				GCC_WARN_UNUSED_FUNCTION = YES;
				GCC_WARN_UNUSED_VARIABLE = YES;
				IPHONEOS_DEPLOYMENT_TARGET = 10.2;
				MTL_ENABLE_DEBUG_INFO = YES;
				ONLY_ACTIVE_ARCH = YES;
				SDKROOT = iphoneos;
				SWIFT_ACTIVE_COMPILATION_CONDITIONS = DEBUG;
				SWIFT_OPTIMIZATION_LEVEL = "-Onone";
			};
			name = Debug;
		};
		CD11F2A8211F063B0018AFC8 /* Release */ = {
			isa = XCBuildConfiguration;
			buildSettings = {
				ALWAYS_SEARCH_USER_PATHS = NO;
				CLANG_ANALYZER_NONNULL = YES;
				CLANG_ANALYZER_NUMBER_OBJECT_CONVERSION = YES_AGGRESSIVE;
				CLANG_CXX_LANGUAGE_STANDARD = "gnu++14";
				CLANG_CXX_LIBRARY = "libc++";
				CLANG_ENABLE_MODULES = YES;
				CLANG_ENABLE_OBJC_ARC = YES;
				CLANG_ENABLE_OBJC_WEAK = YES;
				CLANG_WARN_BLOCK_CAPTURE_AUTORELEASING = YES;
				CLANG_WARN_BOOL_CONVERSION = YES;
				CLANG_WARN_COMMA = YES;
				CLANG_WARN_CONSTANT_CONVERSION = YES;
				CLANG_WARN_DEPRECATED_OBJC_IMPLEMENTATIONS = YES;
				CLANG_WARN_DIRECT_OBJC_ISA_USAGE = YES_ERROR;
				CLANG_WARN_DOCUMENTATION_COMMENTS = YES;
				CLANG_WARN_EMPTY_BODY = YES;
				CLANG_WARN_ENUM_CONVERSION = YES;
				CLANG_WARN_INFINITE_RECURSION = YES;
				CLANG_WARN_INT_CONVERSION = YES;
				CLANG_WARN_NON_LITERAL_NULL_CONVERSION = YES;
				CLANG_WARN_OBJC_IMPLICIT_RETAIN_SELF = YES;
				CLANG_WARN_OBJC_LITERAL_CONVERSION = YES;
				CLANG_WARN_OBJC_ROOT_CLASS = YES_ERROR;
				CLANG_WARN_RANGE_LOOP_ANALYSIS = YES;
				CLANG_WARN_STRICT_PROTOTYPES = YES;
				CLANG_WARN_SUSPICIOUS_MOVE = YES;
				CLANG_WARN_UNGUARDED_AVAILABILITY = YES_AGGRESSIVE;
				CLANG_WARN_UNREACHABLE_CODE = YES;
				CLANG_WARN__DUPLICATE_METHOD_MATCH = YES;
				CODE_SIGN_IDENTITY = "iPhone Developer";
				COPY_PHASE_STRIP = NO;
				DEBUG_INFORMATION_FORMAT = "dwarf-with-dsym";
				ENABLE_NS_ASSERTIONS = NO;
				ENABLE_STRICT_OBJC_MSGSEND = YES;
				GCC_C_LANGUAGE_STANDARD = gnu11;
				GCC_NO_COMMON_BLOCKS = YES;
				GCC_WARN_64_TO_32_BIT_CONVERSION = YES;
				GCC_WARN_ABOUT_RETURN_TYPE = YES_ERROR;
				GCC_WARN_UNDECLARED_SELECTOR = YES;
				GCC_WARN_UNINITIALIZED_AUTOS = YES_AGGRESSIVE;
				GCC_WARN_UNUSED_FUNCTION = YES;
				GCC_WARN_UNUSED_VARIABLE = YES;
				IPHONEOS_DEPLOYMENT_TARGET = 10.2;
				MTL_ENABLE_DEBUG_INFO = NO;
				SDKROOT = iphoneos;
				SWIFT_COMPILATION_MODE = wholemodule;
				SWIFT_OPTIMIZATION_LEVEL = "-O";
				VALIDATE_PRODUCT = YES;
			};
			name = Release;
		};
		CD11F2AA211F063B0018AFC8 /* Debug */ = {
			isa = XCBuildConfiguration;
			buildSettings = {
				ASSETCATALOG_COMPILER_APPICON_NAME = AppIcon;
				CODE_SIGN_STYLE = Manual;
				DEVELOPMENT_TEAM = BJ3HU6DR5Z;
				INFOPLIST_FILE = SRCoreDataLayer/Application/Info.plist;
				IPHONEOS_DEPLOYMENT_TARGET = 10.2;
				LD_RUNPATH_SEARCH_PATHS = (
					"$(inherited)",
					"@executable_path/Frameworks",
				);
				PRODUCT_BUNDLE_IDENTIFIER = com.ARC.PrintApp;
				PRODUCT_NAME = "$(TARGET_NAME)";
				PROVISIONING_PROFILE = "7af3221b-9a35-48b1-8f2e-537c60b29282";
				PROVISIONING_PROFILE_SPECIFIER = ARCPrintAppDevelopment;
				SWIFT_VERSION = 4.2;
				TARGETED_DEVICE_FAMILY = "1,2";
			};
			name = Debug;
		};
		CD11F2AB211F063B0018AFC8 /* Release */ = {
			isa = XCBuildConfiguration;
			buildSettings = {
				ASSETCATALOG_COMPILER_APPICON_NAME = AppIcon;
				CODE_SIGN_STYLE = Manual;
				DEVELOPMENT_TEAM = BJ3HU6DR5Z;
				INFOPLIST_FILE = SRCoreDataLayer/Application/Info.plist;
				IPHONEOS_DEPLOYMENT_TARGET = 10.2;
				LD_RUNPATH_SEARCH_PATHS = (
					"$(inherited)",
					"@executable_path/Frameworks",
				);
				PRODUCT_BUNDLE_IDENTIFIER = com.ARC.PrintApp;
				PRODUCT_NAME = "$(TARGET_NAME)";
				PROVISIONING_PROFILE = "7af3221b-9a35-48b1-8f2e-537c60b29282";
				PROVISIONING_PROFILE_SPECIFIER = ARCPrintAppDevelopment;
				SWIFT_VERSION = 4.2;
				TARGETED_DEVICE_FAMILY = "1,2";
			};
			name = Release;
		};
		CD11F2AD211F063B0018AFC8 /* Debug */ = {
			isa = XCBuildConfiguration;
			buildSettings = {
				ALWAYS_EMBED_SWIFT_STANDARD_LIBRARIES = YES;
				BUNDLE_LOADER = "$(TEST_HOST)";
				CODE_SIGN_STYLE = Automatic;
				DEVELOPMENT_TEAM = ZH7Z5723YF;
				INFOPLIST_FILE = SRCoreDataLayerTests/Info.plist;
				LD_RUNPATH_SEARCH_PATHS = (
					"$(inherited)",
					"@executable_path/Frameworks",
					"@loader_path/Frameworks",
				);
				PRODUCT_BUNDLE_IDENTIFIER = com.devSR.SRCoreDataLayerTests;
				PRODUCT_NAME = "$(TARGET_NAME)";
				SWIFT_VERSION = 4.2;
				TARGETED_DEVICE_FAMILY = "1,2";
				TEST_HOST = "$(BUILT_PRODUCTS_DIR)/SRCoreDataLayer.app/SRCoreDataLayer";
			};
			name = Debug;
		};
		CD11F2AE211F063B0018AFC8 /* Release */ = {
			isa = XCBuildConfiguration;
			buildSettings = {
				ALWAYS_EMBED_SWIFT_STANDARD_LIBRARIES = YES;
				BUNDLE_LOADER = "$(TEST_HOST)";
				CODE_SIGN_STYLE = Automatic;
				DEVELOPMENT_TEAM = ZH7Z5723YF;
				INFOPLIST_FILE = SRCoreDataLayerTests/Info.plist;
				LD_RUNPATH_SEARCH_PATHS = (
					"$(inherited)",
					"@executable_path/Frameworks",
					"@loader_path/Frameworks",
				);
				PRODUCT_BUNDLE_IDENTIFIER = com.devSR.SRCoreDataLayerTests;
				PRODUCT_NAME = "$(TARGET_NAME)";
				SWIFT_VERSION = 4.2;
				TARGETED_DEVICE_FAMILY = "1,2";
				TEST_HOST = "$(BUILT_PRODUCTS_DIR)/SRCoreDataLayer.app/SRCoreDataLayer";
			};
			name = Release;
		};
/* End XCBuildConfiguration section */

/* Begin XCConfigurationList section */
		CD11F284211F062E0018AFC8 /* Build configuration list for PBXProject "SRCoreDataLayer" */ = {
			isa = XCConfigurationList;
			buildConfigurations = (
				CD11F2A7211F063B0018AFC8 /* Debug */,
				CD11F2A8211F063B0018AFC8 /* Release */,
			);
			defaultConfigurationIsVisible = 0;
			defaultConfigurationName = Release;
		};
		CD11F2A9211F063B0018AFC8 /* Build configuration list for PBXNativeTarget "SRCoreDataLayer" */ = {
			isa = XCConfigurationList;
			buildConfigurations = (
				CD11F2AA211F063B0018AFC8 /* Debug */,
				CD11F2AB211F063B0018AFC8 /* Release */,
			);
			defaultConfigurationIsVisible = 0;
			defaultConfigurationName = Release;
		};
		CD11F2AC211F063B0018AFC8 /* Build configuration list for PBXNativeTarget "SRCoreDataLayerTests" */ = {
			isa = XCConfigurationList;
			buildConfigurations = (
				CD11F2AD211F063B0018AFC8 /* Debug */,
				CD11F2AE211F063B0018AFC8 /* Release */,
			);
			defaultConfigurationIsVisible = 0;
			defaultConfigurationName = Release;
		};
/* End XCConfigurationList section */

/* Begin XCVersionGroup section */
		CD11F293211F062F0018AFC8 /* SRCoreDataLayer.xcdatamodeld */ = {
			isa = XCVersionGroup;
			children = (
				CD1AB8BC21247329002B62C2 /* SRCoreDataLayer_V2.xcdatamodel */,
				CD11F294211F062F0018AFC8 /* SRCoreDataLayer.xcdatamodel */,
			);
			currentVersion = CD11F294211F062F0018AFC8 /* SRCoreDataLayer.xcdatamodel */;
			path = SRCoreDataLayer.xcdatamodeld;
			sourceTree = "<group>";
			versionGroupType = wrapper.xcdatamodel;
		};
/* End XCVersionGroup section */
	};
	rootObject = CD11F281211F062E0018AFC8 /* Project object */;
}
